
Microsoft Visual Studio Solution File, Format Version 12.00
# Visual Studio 2015
Project("{FAE04EC0-301F-11D3-BF4B-00C04F79EFBC}") = "NetTest.CSharp.Plugins", "NetTest.CSharp.Plugins.csproj", "{9C966956-E769-96D2-72D5-15207F1D301E}"
EndProject
Project("{FAE04EC0-301F-11D3-BF4B-00C04F79EFBC}") = "NetTest.CSharp", "NetTest.CSharp.csproj", "{58A87094-D8EF-F63B-8520-9BB3A351AB17}"
EndProject
Project("{FAE04EC0-301F-11D3-BF4B-00C04F79EFBC}") = "NetTest.CSharp.Editor", "NetTest.CSharp.Editor.csproj", "{ACE37491-0056-664D-5447-91932FF228CC}"
EndProject
Global
	GlobalSection(SolutionConfigurationPlatforms) = preSolution
		Debug|Any CPU = Debug|Any CPU
		Release|Any CPU = Release|Any CPU
	EndGlobalSection
	GlobalSection(ProjectConfigurationPlatforms) = postSolution
		{9C966956-E769-96D2-72D5-15207F1D301E}.Debug|Any CPU.ActiveCfg = Debug|Any CPU
		{9C966956-E769-96D2-72D5-15207F1D301E}.Debug|Any CPU.Build.0 = Debug|Any CPU
		{9C966956-E769-96D2-72D5-15207F1D301E}.Release|Any CPU.ActiveCfg = Release|Any CPU
		{9C966956-E769-96D2-72D5-15207F1D301E}.Release|Any CPU.Build.0 = Release|Any CPU
		{58A87094-D8EF-F63B-8520-9BB3A351AB17}.Debug|Any CPU.ActiveCfg = Debug|Any CPU
		{58A87094-D8EF-F63B-8520-9BB3A351AB17}.Debug|Any CPU.Build.0 = Debug|Any CPU
		{58A87094-D8EF-F63B-8520-9BB3A351AB17}.Release|Any CPU.ActiveCfg = Release|Any CPU
		{58A87094-D8EF-F63B-8520-9BB3A351AB17}.Release|Any CPU.Build.0 = Release|Any CPU
		{ACE37491-0056-664D-5447-91932FF228CC}.Debug|Any CPU.ActiveCfg = Debug|Any CPU
		{ACE37491-0056-664D-5447-91932FF228CC}.Debug|Any CPU.Build.0 = Debug|Any CPU
		{ACE37491-0056-664D-5447-91932FF228CC}.Release|Any CPU.ActiveCfg = Release|Any CPU
		{ACE37491-0056-664D-5447-91932FF228CC}.Release|Any CPU.Build.0 = Release|Any CPU
	EndGlobalSection
	GlobalSection(SolutionProperties) = preSolution
		HideSolutionNode = FALSE
	EndGlobalSection
EndGlobal
